{
  "pins" : [
    {
      "identity" : "lottie-ios",
      "kind" : "remoteSourceControl",
      "location" : "https://github.com/airbnb/lottie-ios",
      "state" : {
        "branch" : "master",
        "revision" : "173b119ae867719cdfaec85bf0ae971848a38d26"
      }
    },
    {
      "identity" : "slidingtabview",
      "kind" : "remoteSourceControl",
      "location" : "https://github.com/QuynhNguyen/SlidingTabView.git",
      "state" : {
        "revision" : "b0f0662977418824d50546b2850a523dcd793bb0",
        "version" : "1.0.2"
      }
    },
    {
      "identity" : "swiftui-cached-async-image",
      "kind" : "remoteSourceControl",
      "location" : "https://github.com/lorenzofiamingo/swiftui-cached-async-image",
      "state" : {
        "branch" : "main",
        "revision" : "2abb11839f80ebb07a58ac5e146a1da664260c16"
      }
    },
    {
      "identity" : "swiftui-webview",
      "kind" : "remoteSourceControl",
      "location" : "https://github.com/globulus/swiftui-webview",
      "state" : {
        "revision" : "f9be55089c020268760d626abbadd643a2b1ca4a",
        "version" : "1.0.8"
      }
    },
    {
      "identity" : "swiftui-youtube-player",
      "kind" : "remoteSourceControl",
      "location" : "https://github.com/globulus/swiftui-youtube-player",
      "state" : {
        "revision" : "73d0d5225f6c1734918fa96ed5d6ecbfd1152e63",
        "version" : "1.0.2"
      }
    },
    {
      "identity" : "youtubeplayerkit",
      "kind" : "remoteSourceControl",
      "location" : "https://github.com/SvenTiigi/YouTubePlayerKit.git",
      "state" : {
        "revision" : "6bbba75c8a8927e8073765849e22707d96b55205",
        "version" : "1.5.2"
      }
    }
  ],
  "version" : 2
}
