// !$*UTF8*$!
{
	archiveVersion = 1;
	classes = {
	};
	objectVersion = 56;
	objects = {

/* Begin PBXBuildFile section */
		4501159D2A7C1BD000DE07B4 /* AllMembersListItemView.swift in Sources */ = {isa = PBXBuildFile; fileRef = 4501159C2A7C1BD000DE07B4 /* AllMembersListItemView.swift */; };
		4501159F2A7C1BF500DE07B4 /* FriendsListView.swift in Sources */ = {isa = PBXBuildFile; fileRef = 4501159E2A7C1BF500DE07B4 /* FriendsListView.swift */; };
		450115A12A7C1C0600DE07B4 /* FriendsListItemView.swift in Sources */ = {isa = PBXBuildFile; fileRef = 450115A02A7C1C0600DE07B4 /* FriendsListItemView.swift */; };
		450115A32A7C1C3200DE07B4 /* FriendRequestItemView.swift in Sources */ = {isa = PBXBuildFile; fileRef = 450115A22A7C1C3200DE07B4 /* FriendRequestItemView.swift */; };
		452E9D842AA5E9C300F6A0DD /* ConnectSheetView.swift in Sources */ = {isa = PBXBuildFile; fileRef = 452E9D832AA5E9C300F6A0DD /* ConnectSheetView.swift */; };
		457168E22A66871B00FDBBE8 /* MenuItemView.swift in Sources */ = {isa = PBXBuildFile; fileRef = 457168E12A66871B00FDBBE8 /* MenuItemView.swift */; };
		457168E42A668FA900FDBBE8 /* citrarb_eye_witness_menu.json in Resources */ = {isa = PBXBuildFile; fileRef = 457168E32A668FA900FDBBE8 /* citrarb_eye_witness_menu.json */; };
		457168E62A66908600FDBBE8 /* citrarb_music_menu.json in Resources */ = {isa = PBXBuildFile; fileRef = 457168E52A66908600FDBBE8 /* citrarb_music_menu.json */; };
		457168E82A6690A100FDBBE8 /* citrarb_news_menu.json in Resources */ = {isa = PBXBuildFile; fileRef = 457168E72A6690A100FDBBE8 /* citrarb_news_menu.json */; };
		457168EA2A6690A800FDBBE8 /* citrarb_connect_menu.json in Resources */ = {isa = PBXBuildFile; fileRef = 457168E92A6690A800FDBBE8 /* citrarb_connect_menu.json */; };
		457168EC2A6690B100FDBBE8 /* citrarb_events_menu.json in Resources */ = {isa = PBXBuildFile; fileRef = 457168EB2A6690B100FDBBE8 /* citrarb_events_menu.json */; };
		457168EE2A6690BA00FDBBE8 /* citrarb_market_place_menu.json in Resources */ = {isa = PBXBuildFile; fileRef = 457168ED2A6690BA00FDBBE8 /* citrarb_market_place_menu.json */; };
		457168F02A6690CF00FDBBE8 /* loading.json in Resources */ = {isa = PBXBuildFile; fileRef = 457168EF2A6690CF00FDBBE8 /* loading.json */; };
		457168F22A66911F00FDBBE8 /* citrarb_not_logged_in.json in Resources */ = {isa = PBXBuildFile; fileRef = 457168F12A66911F00FDBBE8 /* citrarb_not_logged_in.json */; };
		457168F42A66913000FDBBE8 /* citrarb_tv_menu.json in Resources */ = {isa = PBXBuildFile; fileRef = 457168F32A66913000FDBBE8 /* citrarb_tv_menu.json */; };
		457168F62A66913B00FDBBE8 /* citrarb_members_menu.json in Resources */ = {isa = PBXBuildFile; fileRef = 457168F52A66913B00FDBBE8 /* citrarb_members_menu.json */; };
		457168F82A66914200FDBBE8 /* citrarb_uploads_menu.json in Resources */ = {isa = PBXBuildFile; fileRef = 457168F72A66914200FDBBE8 /* citrarb_uploads_menu.json */; };
		457168FA2A66916000FDBBE8 /* LandingView.swift in Sources */ = {isa = PBXBuildFile; fileRef = 457168F92A66916000FDBBE8 /* LandingView.swift */; };
		457168FD2A66A93100FDBBE8 /* LandingHeaderView.swift in Sources */ = {isa = PBXBuildFile; fileRef = 457168FC2A66A93100FDBBE8 /* LandingHeaderView.swift */; };
		457168FF2A66A9F200FDBBE8 /* SplashScreen.storyboard in Resources */ = {isa = PBXBuildFile; fileRef = 457168FE2A66A9F200FDBBE8 /* SplashScreen.storyboard */; };
		457DF5F62A96C78D00EE31CA /* MemberSheetView.swift in Sources */ = {isa = PBXBuildFile; fileRef = 457DF5F52A96C78D00EE31CA /* MemberSheetView.swift */; };
		4580C6E82A7BB70900D3CEAC /* ProfileAPI.swift in Sources */ = {isa = PBXBuildFile; fileRef = 4580C6E72A7BB70900D3CEAC /* ProfileAPI.swift */; };
		4580C6EA2A7BB91800D3CEAC /* LoginResponse.swift in Sources */ = {isa = PBXBuildFile; fileRef = 4580C6E92A7BB91800D3CEAC /* LoginResponse.swift */; };
		4580E3632AB0DB660028EC32 /* ConcludedEventsView.swift in Sources */ = {isa = PBXBuildFile; fileRef = 4580E3622AB0DB660028EC32 /* ConcludedEventsView.swift */; };
		4580E3652AB0E9CD0028EC32 /* EventsSheetView.swift in Sources */ = {isa = PBXBuildFile; fileRef = 4580E3642AB0E9CD0028EC32 /* EventsSheetView.swift */; };
		4580F2672AA5FDA500DE775E /* ConnectData.swift in Sources */ = {isa = PBXBuildFile; fileRef = 4580F2662AA5FDA500DE775E /* ConnectData.swift */; };
		4580F2692AA6139000DE775E /* ConnectsView.swift in Sources */ = {isa = PBXBuildFile; fileRef = 4580F2682AA6139000DE775E /* ConnectsView.swift */; };
		4580F26B2AA6180E00DE775E /* ConnectsAPI.swift in Sources */ = {isa = PBXBuildFile; fileRef = 4580F26A2AA6180E00DE775E /* ConnectsAPI.swift */; };
		4580F26D2AA63BE600DE775E /* NewConnectView.swift in Sources */ = {isa = PBXBuildFile; fileRef = 4580F26C2AA63BE600DE775E /* NewConnectView.swift */; };
		45815E952AB5747D00E20CE7 /* UIViewControllerRepresenter.swift in Sources */ = {isa = PBXBuildFile; fileRef = 45815E942AB5747D00E20CE7 /* UIViewControllerRepresenter.swift */; };
		45819D3E2A7AB44300D91A75 /* TVSheetView.swift in Sources */ = {isa = PBXBuildFile; fileRef = 45819D3D2A7AB44300D91A75 /* TVSheetView.swift */; };
		45819D402A7AB69300D91A75 /* TVSheetViewModel.swift in Sources */ = {isa = PBXBuildFile; fileRef = 45819D3F2A7AB69300D91A75 /* TVSheetViewModel.swift */; };
		45819D422A7AB7A500D91A75 /* YouTubePlayerView.swift in Sources */ = {isa = PBXBuildFile; fileRef = 45819D412A7AB7A500D91A75 /* YouTubePlayerView.swift */; };
		45819D452A7AC9B200D91A75 /* YouTubePlayerKit in Frameworks */ = {isa = PBXBuildFile; productRef = 45819D442A7AC9B200D91A75 /* YouTubePlayerKit */; };
		45819D482A7AF4E600D91A75 /* SwiftUIYouTubePlayer in Frameworks */ = {isa = PBXBuildFile; productRef = 45819D472A7AF4E600D91A75 /* SwiftUIYouTubePlayer */; };
		45819D4A2A7AF58900D91A75 /* Extensions.swift in Sources */ = {isa = PBXBuildFile; fileRef = 45819D492A7AF58900D91A75 /* Extensions.swift */; };
		458222B32A67D651006B9058 /* CachedAsyncImage in Frameworks */ = {isa = PBXBuildFile; productRef = 458222B22A67D651006B9058 /* CachedAsyncImage */; };
		458222B62A67D713006B9058 /* TVData.swift in Sources */ = {isa = PBXBuildFile; fileRef = 458222B52A67D713006B9058 /* TVData.swift */; };
		458222B82A67DE0A006B9058 /* TVAPI.swift in Sources */ = {isa = PBXBuildFile; fileRef = 458222B72A67DE0A006B9058 /* TVAPI.swift */; };
		4582FECB2AB585F80091F88D /* EyeWitnessData.swift in Sources */ = {isa = PBXBuildFile; fileRef = 4582FECA2AB585F80091F88D /* EyeWitnessData.swift */; };
		4582FECD2AB587D60091F88D /* EyeWitnessAPI.swift in Sources */ = {isa = PBXBuildFile; fileRef = 4582FECC2AB587D60091F88D /* EyeWitnessAPI.swift */; };
		4582FECF2AB589DD0091F88D /* EyeWitnessReportLandingView.swift in Sources */ = {isa = PBXBuildFile; fileRef = 4582FECE2AB589DD0091F88D /* EyeWitnessReportLandingView.swift */; };
		4582FED12AB58A9F0091F88D /* EyeWitnessItemView.swift in Sources */ = {isa = PBXBuildFile; fileRef = 4582FED02AB58A9F0091F88D /* EyeWitnessItemView.swift */; };
		4582FED32AB58D8E0091F88D /* EyeWitnessSheetView.swift in Sources */ = {isa = PBXBuildFile; fileRef = 4582FED22AB58D8E0091F88D /* EyeWitnessSheetView.swift */; };
		4582FED52AB598A00091F88D /* NewEyeWitnessReportSheet.swift in Sources */ = {isa = PBXBuildFile; fileRef = 4582FED42AB598A00091F88D /* NewEyeWitnessReportSheet.swift */; };
		4582FED72AB5AB700091F88D /* VideoPlayerView.swift in Sources */ = {isa = PBXBuildFile; fileRef = 4582FED62AB5AB700091F88D /* VideoPlayerView.swift */; };
		4584C5B62AA461B800405076 /* SearchBarView.swift in Sources */ = {isa = PBXBuildFile; fileRef = 4584C5B52AA461B800405076 /* SearchBarView.swift */; };
		4584C5B82AA5DC8900405076 /* AllConnectsView.swift in Sources */ = {isa = PBXBuildFile; fileRef = 4584C5B72AA5DC8900405076 /* AllConnectsView.swift */; };
		4584C5BA2AA5DD3000405076 /* ConnectItemView.swift in Sources */ = {isa = PBXBuildFile; fileRef = 4584C5B92AA5DD3000405076 /* ConnectItemView.swift */; };
		4589FCD42A66B86A00D69572 /* TVListView.swift in Sources */ = {isa = PBXBuildFile; fileRef = 4589FCD32A66B86A00D69572 /* TVListView.swift */; };
		4590D4072AAF394F00079224 /* EventsLandingView.swift in Sources */ = {isa = PBXBuildFile; fileRef = 4590D4062AAF394F00079224 /* EventsLandingView.swift */; };
		4590D40A2AB070FB00079224 /* EventItemView.swift in Sources */ = {isa = PBXBuildFile; fileRef = 4590D4092AB070FB00079224 /* EventItemView.swift */; };
		4590D40C2AB0850A00079224 /* EventsData.swift in Sources */ = {isa = PBXBuildFile; fileRef = 4590D40B2AB0850A00079224 /* EventsData.swift */; };
		4590D40E2AB0911600079224 /* UpcomingEventsView.swift in Sources */ = {isa = PBXBuildFile; fileRef = 4590D40D2AB0911600079224 /* UpcomingEventsView.swift */; };
		4590D4102AB09C9400079224 /* EventsAPI.swift in Sources */ = {isa = PBXBuildFile; fileRef = 4590D40F2AB09C9400079224 /* EventsAPI.swift */; };
		4597A3D22AB10075005811CB /* NewEventSheetView.swift in Sources */ = {isa = PBXBuildFile; fileRef = 4597A3D12AB10075005811CB /* NewEventSheetView.swift */; };
		4599C42E2AB12E9600576B2E /* MusicData.swift in Sources */ = {isa = PBXBuildFile; fileRef = 4599C42D2AB12E9600576B2E /* MusicData.swift */; };
		4599C4302AB1300B00576B2E /* MusicAPI.swift in Sources */ = {isa = PBXBuildFile; fileRef = 4599C42F2AB1300B00576B2E /* MusicAPI.swift */; };
		4599C4322AB1325500576B2E /* MusicLandingView.swift in Sources */ = {isa = PBXBuildFile; fileRef = 4599C4312AB1325500576B2E /* MusicLandingView.swift */; };
		4599C4342AB135C500576B2E /* MusicItemView.swift in Sources */ = {isa = PBXBuildFile; fileRef = 4599C4332AB135C500576B2E /* MusicItemView.swift */; };
		4599C4362AB1874200576B2E /* MusicSheetView.swift in Sources */ = {isa = PBXBuildFile; fileRef = 4599C4352AB1874200576B2E /* MusicSheetView.swift */; };
		4599C4382AB45EFB00576B2E /* NewMusicView.swift in Sources */ = {isa = PBXBuildFile; fileRef = 4599C4372AB45EFB00576B2E /* NewMusicView.swift */; };
		45A3A9132AA9F7DA00B1F6DF /* LoadingDialog.swift in Sources */ = {isa = PBXBuildFile; fileRef = 45A3A9122AA9F7DA00B1F6DF /* LoadingDialog.swift */; };
		45A3A9152AAA2A8A00B1F6DF /* MarketPlaceBaseView.swift in Sources */ = {isa = PBXBuildFile; fileRef = 45A3A9142AAA2A8A00B1F6DF /* MarketPlaceBaseView.swift */; };
		45A3A9172AAA2C3100B1F6DF /* ProductItemView.swift in Sources */ = {isa = PBXBuildFile; fileRef = 45A3A9162AAA2C3100B1F6DF /* ProductItemView.swift */; };
		45A3A9192AAA36EC00B1F6DF /* MarketPlaceData.swift in Sources */ = {isa = PBXBuildFile; fileRef = 45A3A9182AAA36EC00B1F6DF /* MarketPlaceData.swift */; };
		45A3A91C2AAA49A100B1F6DF /* MarketPlaceAPI.swift in Sources */ = {isa = PBXBuildFile; fileRef = 45A3A91B2AAA49A100B1F6DF /* MarketPlaceAPI.swift */; };
		45A3A91E2AAA6A3400B1F6DF /* MarketPlaceProductsView.swift in Sources */ = {isa = PBXBuildFile; fileRef = 45A3A91D2AAA6A3400B1F6DF /* MarketPlaceProductsView.swift */; };
		45A3A9202AAA6D5300B1F6DF /* ProductSheetView.swift in Sources */ = {isa = PBXBuildFile; fileRef = 45A3A91F2AAA6D5300B1F6DF /* ProductSheetView.swift */; };
		45A3A9222AAA83F400B1F6DF /* NewProductView.swift in Sources */ = {isa = PBXBuildFile; fileRef = 45A3A9212AAA83F400B1F6DF /* NewProductView.swift */; };
		45A3E2382A6568D7007CE9BE /* LottieView.swift in Sources */ = {isa = PBXBuildFile; fileRef = 45A3E2372A6568D7007CE9BE /* LottieView.swift */; };
		45A3E2462A65805A007CE9BE /* ProfileViewModel.swift in Sources */ = {isa = PBXBuildFile; fileRef = 45A3E2452A65805A007CE9BE /* ProfileViewModel.swift */; };
		45A3E2482A658069007CE9BE /* PagentryViewModel.swift in Sources */ = {isa = PBXBuildFile; fileRef = 45A3E2472A658069007CE9BE /* PagentryViewModel.swift */; };
		45A3E24A2A658074007CE9BE /* EventsViewModel.swift in Sources */ = {isa = PBXBuildFile; fileRef = 45A3E2492A658074007CE9BE /* EventsViewModel.swift */; };
		45A3E24C2A658081007CE9BE /* UploadsViewModel.swift in Sources */ = {isa = PBXBuildFile; fileRef = 45A3E24B2A658081007CE9BE /* UploadsViewModel.swift */; };
		45A3E24E2A658092007CE9BE /* MusicViewModel.swift in Sources */ = {isa = PBXBuildFile; fileRef = 45A3E24D2A658092007CE9BE /* MusicViewModel.swift */; };
		45A3E2502A6580AC007CE9BE /* MarketPlaceViewModel.swift in Sources */ = {isa = PBXBuildFile; fileRef = 45A3E24F2A6580AC007CE9BE /* MarketPlaceViewModel.swift */; };
		45A3E2522A6580F9007CE9BE /* ConnectViewModel.swift in Sources */ = {isa = PBXBuildFile; fileRef = 45A3E2512A6580F9007CE9BE /* ConnectViewModel.swift */; };
		45A3E2542A658106007CE9BE /* MembersViewModel.swift in Sources */ = {isa = PBXBuildFile; fileRef = 45A3E2532A658106007CE9BE /* MembersViewModel.swift */; };
		45A3E2562A658111007CE9BE /* EyeWitnessViewModel.swift in Sources */ = {isa = PBXBuildFile; fileRef = 45A3E2552A658111007CE9BE /* EyeWitnessViewModel.swift */; };
		45A3E2582A658121007CE9BE /* TVViewModel.swift in Sources */ = {isa = PBXBuildFile; fileRef = 45A3E2572A658121007CE9BE /* TVViewModel.swift */; };
		45A3E25A2A65812B007CE9BE /* NewsViewModel.swift in Sources */ = {isa = PBXBuildFile; fileRef = 45A3E2592A65812B007CE9BE /* NewsViewModel.swift */; };
		45A3E25C2A65815F007CE9BE /* LoginView.swift in Sources */ = {isa = PBXBuildFile; fileRef = 45A3E25B2A65815F007CE9BE /* LoginView.swift */; };
		45A3E25E2A65816B007CE9BE /* RegisterView.swift in Sources */ = {isa = PBXBuildFile; fileRef = 45A3E25D2A65816B007CE9BE /* RegisterView.swift */; };
		45A3E2602A658175007CE9BE /* ProfileView.swift in Sources */ = {isa = PBXBuildFile; fileRef = 45A3E25F2A658175007CE9BE /* ProfileView.swift */; };
		45A3E2642A658681007CE9BE /* Common.swift in Sources */ = {isa = PBXBuildFile; fileRef = 45A3E2632A658681007CE9BE /* Common.swift */; };
		45A3E2672A6587FB007CE9BE /* TLButton.swift in Sources */ = {isa = PBXBuildFile; fileRef = 45A3E2662A6587FB007CE9BE /* TLButton.swift */; };
		45A3E2692A658A88007CE9BE /* HeaderView.swift in Sources */ = {isa = PBXBuildFile; fileRef = 45A3E2682A658A88007CE9BE /* HeaderView.swift */; };
		45A3E26D2A659235007CE9BE /* NewsItemView.swift in Sources */ = {isa = PBXBuildFile; fileRef = 45A3E26C2A659235007CE9BE /* NewsItemView.swift */; };
		45A3E26F2A65924B007CE9BE /* CustomURLImage.swift in Sources */ = {isa = PBXBuildFile; fileRef = 45A3E26E2A65924B007CE9BE /* CustomURLImage.swift */; };
		45A3E2712A6592F2007CE9BE /* NewsItemData.swift in Sources */ = {isa = PBXBuildFile; fileRef = 45A3E2702A6592F2007CE9BE /* NewsItemData.swift */; };
		45A3E2732A6597D7007CE9BE /* NewsListView.swift in Sources */ = {isa = PBXBuildFile; fileRef = 45A3E2722A6597D7007CE9BE /* NewsListView.swift */; };
		45CCA00F2A651F450071C5C6 /* CITRARBApp.swift in Sources */ = {isa = PBXBuildFile; fileRef = 45CCA00E2A651F450071C5C6 /* CITRARBApp.swift */; };
		45CCA0112A651F450071C5C6 /* ContentView.swift in Sources */ = {isa = PBXBuildFile; fileRef = 45CCA0102A651F450071C5C6 /* ContentView.swift */; };
		45CCA0132A651F4B0071C5C6 /* Assets.xcassets in Resources */ = {isa = PBXBuildFile; fileRef = 45CCA0122A651F4B0071C5C6 /* Assets.xcassets */; };
		45CCA0162A651F4B0071C5C6 /* Preview Assets.xcassets in Resources */ = {isa = PBXBuildFile; fileRef = 45CCA0152A651F4B0071C5C6 /* Preview Assets.xcassets */; };
		45CF766E2AB6DA0E00D83E5F /* UploadsLandingView.swift in Sources */ = {isa = PBXBuildFile; fileRef = 45CF766D2AB6DA0E00D83E5F /* UploadsLandingView.swift */; };
		45CF76702AB6E36D00D83E5F /* UploadedProductsView.swift in Sources */ = {isa = PBXBuildFile; fileRef = 45CF766F2AB6E36D00D83E5F /* UploadedProductsView.swift */; };
		45CF76722AB6F77000D83E5F /* UploadedMusicView.swift in Sources */ = {isa = PBXBuildFile; fileRef = 45CF76712AB6F77000D83E5F /* UploadedMusicView.swift */; };
		45CF76742AB6F8BE00D83E5F /* UploadedEyeWitnessReports.swift in Sources */ = {isa = PBXBuildFile; fileRef = 45CF76732AB6F8BE00D83E5F /* UploadedEyeWitnessReports.swift */; };
		45CF76762AB6FEC700D83E5F /* UploadedMusicSheetView.swift in Sources */ = {isa = PBXBuildFile; fileRef = 45CF76752AB6FEC700D83E5F /* UploadedMusicSheetView.swift */; };
		45CF76782AB7A90100D83E5F /* UploadedProductsSheetView.swift in Sources */ = {isa = PBXBuildFile; fileRef = 45CF76772AB7A90100D83E5F /* UploadedProductsSheetView.swift */; };
		45CF767A2AB7A93A00D83E5F /* UploadedReportsSheetView.swift in Sources */ = {isa = PBXBuildFile; fileRef = 45CF76792AB7A93A00D83E5F /* UploadedReportsSheetView.swift */; };
		45DC56A32AACFA0E00A31103 /* Data+Extensions.swift in Sources */ = {isa = PBXBuildFile; fileRef = 45DC56A22AACFA0E00A31103 /* Data+Extensions.swift */; };
		45E5DA262A9650060024A96D /* SlidingTabView in Frameworks */ = {isa = PBXBuildFile; productRef = 45E5DA252A9650060024A96D /* SlidingTabView */; };
		45E5DA282A9651ED0024A96D /* MembersView.swift in Sources */ = {isa = PBXBuildFile; fileRef = 45E5DA272A9651EC0024A96D /* MembersView.swift */; };
		45E5DA2A2A9652EF0024A96D /* FriendsView.swift in Sources */ = {isa = PBXBuildFile; fileRef = 45E5DA292A9652EF0024A96D /* FriendsView.swift */; };
		45E5DA2C2A96531E0024A96D /* AllMembersView.swift in Sources */ = {isa = PBXBuildFile; fileRef = 45E5DA2B2A96531E0024A96D /* AllMembersView.swift */; };
		45E5DA2F2A9657B40024A96D /* MembersAPI.swift in Sources */ = {isa = PBXBuildFile; fileRef = 45E5DA2E2A9657B40024A96D /* MembersAPI.swift */; };
		45E5DA312A9657C40024A96D /* MembersData.swift in Sources */ = {isa = PBXBuildFile; fileRef = 45E5DA302A9657C40024A96D /* MembersData.swift */; };
		45EF81AE2A67D15F00946B88 /* TVListItemView.swift in Sources */ = {isa = PBXBuildFile; fileRef = 45EF81AD2A67D15F00946B88 /* TVListItemView.swift */; };
		45FC3BC32A666C99007A7CC0 /* Lottie in Frameworks */ = {isa = PBXBuildFile; productRef = 45FC3BC22A666C99007A7CC0 /* Lottie */; };
/* End PBXBuildFile section */

/* Begin PBXFileReference section */
		4501159C2A7C1BD000DE07B4 /* AllMembersListItemView.swift */ = {isa = PBXFileReference; lastKnownFileType = sourcecode.swift; path = AllMembersListItemView.swift; sourceTree = "<group>"; };
		4501159E2A7C1BF500DE07B4 /* FriendsListView.swift */ = {isa = PBXFileReference; lastKnownFileType = sourcecode.swift; path = FriendsListView.swift; sourceTree = "<group>"; };
		450115A02A7C1C0600DE07B4 /* FriendsListItemView.swift */ = {isa = PBXFileReference; lastKnownFileType = sourcecode.swift; path = FriendsListItemView.swift; sourceTree = "<group>"; };
		450115A22A7C1C3200DE07B4 /* FriendRequestItemView.swift */ = {isa = PBXFileReference; lastKnownFileType = sourcecode.swift; path = FriendRequestItemView.swift; sourceTree = "<group>"; };
		452E9D832AA5E9C300F6A0DD /* ConnectSheetView.swift */ = {isa = PBXFileReference; lastKnownFileType = sourcecode.swift; path = ConnectSheetView.swift; sourceTree = "<group>"; };
		457168E12A66871B00FDBBE8 /* MenuItemView.swift */ = {isa = PBXFileReference; lastKnownFileType = sourcecode.swift; path = MenuItemView.swift; sourceTree = "<group>"; };
		457168E32A668FA900FDBBE8 /* citrarb_eye_witness_menu.json */ = {isa = PBXFileReference; fileEncoding = 4; lastKnownFileType = text.json; path = citrarb_eye_witness_menu.json; sourceTree = "<group>"; };
		457168E52A66908600FDBBE8 /* citrarb_music_menu.json */ = {isa = PBXFileReference; fileEncoding = 4; lastKnownFileType = text.json; path = citrarb_music_menu.json; sourceTree = "<group>"; };
		457168E72A6690A100FDBBE8 /* citrarb_news_menu.json */ = {isa = PBXFileReference; fileEncoding = 4; lastKnownFileType = text.json; path = citrarb_news_menu.json; sourceTree = "<group>"; };
		457168E92A6690A800FDBBE8 /* citrarb_connect_menu.json */ = {isa = PBXFileReference; fileEncoding = 4; lastKnownFileType = text.json; path = citrarb_connect_menu.json; sourceTree = "<group>"; };
		457168EB2A6690B100FDBBE8 /* citrarb_events_menu.json */ = {isa = PBXFileReference; fileEncoding = 4; lastKnownFileType = text.json; path = citrarb_events_menu.json; sourceTree = "<group>"; };
		457168ED2A6690BA00FDBBE8 /* citrarb_market_place_menu.json */ = {isa = PBXFileReference; fileEncoding = 4; lastKnownFileType = text.json; path = citrarb_market_place_menu.json; sourceTree = "<group>"; };
		457168EF2A6690CF00FDBBE8 /* loading.json */ = {isa = PBXFileReference; fileEncoding = 4; lastKnownFileType = text.json; path = loading.json; sourceTree = "<group>"; };
		457168F12A66911F00FDBBE8 /* citrarb_not_logged_in.json */ = {isa = PBXFileReference; fileEncoding = 4; lastKnownFileType = text.json; path = citrarb_not_logged_in.json; sourceTree = "<group>"; };
		457168F32A66913000FDBBE8 /* citrarb_tv_menu.json */ = {isa = PBXFileReference; fileEncoding = 4; lastKnownFileType = text.json; path = citrarb_tv_menu.json; sourceTree = "<group>"; };
		457168F52A66913B00FDBBE8 /* citrarb_members_menu.json */ = {isa = PBXFileReference; fileEncoding = 4; lastKnownFileType = text.json; path = citrarb_members_menu.json; sourceTree = "<group>"; };
		457168F72A66914200FDBBE8 /* citrarb_uploads_menu.json */ = {isa = PBXFileReference; fileEncoding = 4; lastKnownFileType = text.json; path = citrarb_uploads_menu.json; sourceTree = "<group>"; };
		457168F92A66916000FDBBE8 /* LandingView.swift */ = {isa = PBXFileReference; lastKnownFileType = sourcecode.swift; path = LandingView.swift; sourceTree = "<group>"; };
		457168FC2A66A93100FDBBE8 /* LandingHeaderView.swift */ = {isa = PBXFileReference; lastKnownFileType = sourcecode.swift; path = LandingHeaderView.swift; sourceTree = "<group>"; };
		457168FE2A66A9F200FDBBE8 /* SplashScreen.storyboard */ = {isa = PBXFileReference; lastKnownFileType = file.storyboard; path = SplashScreen.storyboard; sourceTree = "<group>"; };
		457DF5F52A96C78D00EE31CA /* MemberSheetView.swift */ = {isa = PBXFileReference; lastKnownFileType = sourcecode.swift; path = MemberSheetView.swift; sourceTree = "<group>"; };
		4580C6E72A7BB70900D3CEAC /* ProfileAPI.swift */ = {isa = PBXFileReference; lastKnownFileType = sourcecode.swift; path = ProfileAPI.swift; sourceTree = "<group>"; };
		4580C6E92A7BB91800D3CEAC /* LoginResponse.swift */ = {isa = PBXFileReference; lastKnownFileType = sourcecode.swift; path = LoginResponse.swift; sourceTree = "<group>"; };
		4580E3622AB0DB660028EC32 /* ConcludedEventsView.swift */ = {isa = PBXFileReference; lastKnownFileType = sourcecode.swift; path = ConcludedEventsView.swift; sourceTree = "<group>"; };
		4580E3642AB0E9CD0028EC32 /* EventsSheetView.swift */ = {isa = PBXFileReference; lastKnownFileType = sourcecode.swift; path = EventsSheetView.swift; sourceTree = "<group>"; };
		4580F2662AA5FDA500DE775E /* ConnectData.swift */ = {isa = PBXFileReference; lastKnownFileType = sourcecode.swift; path = ConnectData.swift; sourceTree = "<group>"; };
		4580F2682AA6139000DE775E /* ConnectsView.swift */ = {isa = PBXFileReference; lastKnownFileType = sourcecode.swift; path = ConnectsView.swift; sourceTree = "<group>"; };
		4580F26A2AA6180E00DE775E /* ConnectsAPI.swift */ = {isa = PBXFileReference; lastKnownFileType = sourcecode.swift; path = ConnectsAPI.swift; sourceTree = "<group>"; };
		4580F26C2AA63BE600DE775E /* NewConnectView.swift */ = {isa = PBXFileReference; lastKnownFileType = sourcecode.swift; path = NewConnectView.swift; sourceTree = "<group>"; };
		45815E942AB5747D00E20CE7 /* UIViewControllerRepresenter.swift */ = {isa = PBXFileReference; lastKnownFileType = sourcecode.swift; path = UIViewControllerRepresenter.swift; sourceTree = "<group>"; };
		45819D3D2A7AB44300D91A75 /* TVSheetView.swift */ = {isa = PBXFileReference; lastKnownFileType = sourcecode.swift; path = TVSheetView.swift; sourceTree = "<group>"; };
		45819D3F2A7AB69300D91A75 /* TVSheetViewModel.swift */ = {isa = PBXFileReference; lastKnownFileType = sourcecode.swift; path = TVSheetViewModel.swift; sourceTree = "<group>"; };
		45819D412A7AB7A500D91A75 /* YouTubePlayerView.swift */ = {isa = PBXFileReference; lastKnownFileType = sourcecode.swift; path = YouTubePlayerView.swift; sourceTree = "<group>"; };
		45819D492A7AF58900D91A75 /* Extensions.swift */ = {isa = PBXFileReference; lastKnownFileType = sourcecode.swift; path = Extensions.swift; sourceTree = "<group>"; };
		458222B52A67D713006B9058 /* TVData.swift */ = {isa = PBXFileReference; lastKnownFileType = sourcecode.swift; path = TVData.swift; sourceTree = "<group>"; };
		458222B72A67DE0A006B9058 /* TVAPI.swift */ = {isa = PBXFileReference; lastKnownFileType = sourcecode.swift; path = TVAPI.swift; sourceTree = "<group>"; };
		4582FECA2AB585F80091F88D /* EyeWitnessData.swift */ = {isa = PBXFileReference; lastKnownFileType = sourcecode.swift; path = EyeWitnessData.swift; sourceTree = "<group>"; };
		4582FECC2AB587D60091F88D /* EyeWitnessAPI.swift */ = {isa = PBXFileReference; lastKnownFileType = sourcecode.swift; path = EyeWitnessAPI.swift; sourceTree = "<group>"; };
		4582FECE2AB589DD0091F88D /* EyeWitnessReportLandingView.swift */ = {isa = PBXFileReference; lastKnownFileType = sourcecode.swift; path = EyeWitnessReportLandingView.swift; sourceTree = "<group>"; };
		4582FED02AB58A9F0091F88D /* EyeWitnessItemView.swift */ = {isa = PBXFileReference; lastKnownFileType = sourcecode.swift; path = EyeWitnessItemView.swift; sourceTree = "<group>"; };
		4582FED22AB58D8E0091F88D /* EyeWitnessSheetView.swift */ = {isa = PBXFileReference; lastKnownFileType = sourcecode.swift; path = EyeWitnessSheetView.swift; sourceTree = "<group>"; };
		4582FED42AB598A00091F88D /* NewEyeWitnessReportSheet.swift */ = {isa = PBXFileReference; lastKnownFileType = sourcecode.swift; path = NewEyeWitnessReportSheet.swift; sourceTree = "<group>"; };
		4582FED62AB5AB700091F88D /* VideoPlayerView.swift */ = {isa = PBXFileReference; lastKnownFileType = sourcecode.swift; path = VideoPlayerView.swift; sourceTree = "<group>"; };
		4584C5B52AA461B800405076 /* SearchBarView.swift */ = {isa = PBXFileReference; lastKnownFileType = sourcecode.swift; path = SearchBarView.swift; sourceTree = "<group>"; };
		4584C5B72AA5DC8900405076 /* AllConnectsView.swift */ = {isa = PBXFileReference; lastKnownFileType = sourcecode.swift; path = AllConnectsView.swift; sourceTree = "<group>"; };
		4584C5B92AA5DD3000405076 /* ConnectItemView.swift */ = {isa = PBXFileReference; lastKnownFileType = sourcecode.swift; path = ConnectItemView.swift; sourceTree = "<group>"; };
		4589FCD32A66B86A00D69572 /* TVListView.swift */ = {isa = PBXFileReference; lastKnownFileType = sourcecode.swift; path = TVListView.swift; sourceTree = "<group>"; };
		4590D4062AAF394F00079224 /* EventsLandingView.swift */ = {isa = PBXFileReference; lastKnownFileType = sourcecode.swift; path = EventsLandingView.swift; sourceTree = "<group>"; };
		4590D4092AB070FB00079224 /* EventItemView.swift */ = {isa = PBXFileReference; lastKnownFileType = sourcecode.swift; path = EventItemView.swift; sourceTree = "<group>"; };
		4590D40B2AB0850A00079224 /* EventsData.swift */ = {isa = PBXFileReference; lastKnownFileType = sourcecode.swift; path = EventsData.swift; sourceTree = "<group>"; };
		4590D40D2AB0911600079224 /* UpcomingEventsView.swift */ = {isa = PBXFileReference; lastKnownFileType = sourcecode.swift; path = UpcomingEventsView.swift; sourceTree = "<group>"; };
		4590D40F2AB09C9400079224 /* EventsAPI.swift */ = {isa = PBXFileReference; lastKnownFileType = sourcecode.swift; path = EventsAPI.swift; sourceTree = "<group>"; };
		4597A3D12AB10075005811CB /* NewEventSheetView.swift */ = {isa = PBXFileReference; lastKnownFileType = sourcecode.swift; path = NewEventSheetView.swift; sourceTree = "<group>"; };
		4599C42B2AB121FB00576B2E /* Info.plist */ = {isa = PBXFileReference; lastKnownFileType = text.plist; path = Info.plist; sourceTree = "<group>"; };
		4599C42D2AB12E9600576B2E /* MusicData.swift */ = {isa = PBXFileReference; lastKnownFileType = sourcecode.swift; path = MusicData.swift; sourceTree = "<group>"; };
		4599C42F2AB1300B00576B2E /* MusicAPI.swift */ = {isa = PBXFileReference; lastKnownFileType = sourcecode.swift; path = MusicAPI.swift; sourceTree = "<group>"; };
		4599C4312AB1325500576B2E /* MusicLandingView.swift */ = {isa = PBXFileReference; lastKnownFileType = sourcecode.swift; path = MusicLandingView.swift; sourceTree = "<group>"; };
		4599C4332AB135C500576B2E /* MusicItemView.swift */ = {isa = PBXFileReference; lastKnownFileType = sourcecode.swift; path = MusicItemView.swift; sourceTree = "<group>"; };
		4599C4352AB1874200576B2E /* MusicSheetView.swift */ = {isa = PBXFileReference; lastKnownFileType = sourcecode.swift; path = MusicSheetView.swift; sourceTree = "<group>"; };
		4599C4372AB45EFB00576B2E /* NewMusicView.swift */ = {isa = PBXFileReference; lastKnownFileType = sourcecode.swift; path = NewMusicView.swift; sourceTree = "<group>"; };
		45A3A9122AA9F7DA00B1F6DF /* LoadingDialog.swift */ = {isa = PBXFileReference; lastKnownFileType = sourcecode.swift; path = LoadingDialog.swift; sourceTree = "<group>"; };
		45A3A9142AAA2A8A00B1F6DF /* MarketPlaceBaseView.swift */ = {isa = PBXFileReference; lastKnownFileType = sourcecode.swift; path = MarketPlaceBaseView.swift; sourceTree = "<group>"; };
		45A3A9162AAA2C3100B1F6DF /* ProductItemView.swift */ = {isa = PBXFileReference; lastKnownFileType = sourcecode.swift; path = ProductItemView.swift; sourceTree = "<group>"; };
		45A3A9182AAA36EC00B1F6DF /* MarketPlaceData.swift */ = {isa = PBXFileReference; lastKnownFileType = sourcecode.swift; path = MarketPlaceData.swift; sourceTree = "<group>"; };
		45A3A91B2AAA49A100B1F6DF /* MarketPlaceAPI.swift */ = {isa = PBXFileReference; lastKnownFileType = sourcecode.swift; path = MarketPlaceAPI.swift; sourceTree = "<group>"; };
		45A3A91D2AAA6A3400B1F6DF /* MarketPlaceProductsView.swift */ = {isa = PBXFileReference; lastKnownFileType = sourcecode.swift; path = MarketPlaceProductsView.swift; sourceTree = "<group>"; };
		45A3A91F2AAA6D5300B1F6DF /* ProductSheetView.swift */ = {isa = PBXFileReference; lastKnownFileType = sourcecode.swift; path = ProductSheetView.swift; sourceTree = "<group>"; };
		45A3A9212AAA83F400B1F6DF /* NewProductView.swift */ = {isa = PBXFileReference; lastKnownFileType = sourcecode.swift; path = NewProductView.swift; sourceTree = "<group>"; };
		45A3E2372A6568D7007CE9BE /* LottieView.swift */ = {isa = PBXFileReference; lastKnownFileType = sourcecode.swift; path = LottieView.swift; sourceTree = "<group>"; };
		45A3E2452A65805A007CE9BE /* ProfileViewModel.swift */ = {isa = PBXFileReference; lastKnownFileType = sourcecode.swift; path = ProfileViewModel.swift; sourceTree = "<group>"; };
		45A3E2472A658069007CE9BE /* PagentryViewModel.swift */ = {isa = PBXFileReference; lastKnownFileType = sourcecode.swift; path = PagentryViewModel.swift; sourceTree = "<group>"; };
		45A3E2492A658074007CE9BE /* EventsViewModel.swift */ = {isa = PBXFileReference; lastKnownFileType = sourcecode.swift; path = EventsViewModel.swift; sourceTree = "<group>"; };
		45A3E24B2A658081007CE9BE /* UploadsViewModel.swift */ = {isa = PBXFileReference; lastKnownFileType = sourcecode.swift; path = UploadsViewModel.swift; sourceTree = "<group>"; };
		45A3E24D2A658092007CE9BE /* MusicViewModel.swift */ = {isa = PBXFileReference; lastKnownFileType = sourcecode.swift; path = MusicViewModel.swift; sourceTree = "<group>"; };
		45A3E24F2A6580AC007CE9BE /* MarketPlaceViewModel.swift */ = {isa = PBXFileReference; lastKnownFileType = sourcecode.swift; path = MarketPlaceViewModel.swift; sourceTree = "<group>"; };
		45A3E2512A6580F9007CE9BE /* ConnectViewModel.swift */ = {isa = PBXFileReference; lastKnownFileType = sourcecode.swift; path = ConnectViewModel.swift; sourceTree = "<group>"; };
		45A3E2532A658106007CE9BE /* MembersViewModel.swift */ = {isa = PBXFileReference; lastKnownFileType = sourcecode.swift; path = MembersViewModel.swift; sourceTree = "<group>"; };
		45A3E2552A658111007CE9BE /* EyeWitnessViewModel.swift */ = {isa = PBXFileReference; lastKnownFileType = sourcecode.swift; path = EyeWitnessViewModel.swift; sourceTree = "<group>"; };
		45A3E2572A658121007CE9BE /* TVViewModel.swift */ = {isa = PBXFileReference; lastKnownFileType = sourcecode.swift; path = TVViewModel.swift; sourceTree = "<group>"; };
		45A3E2592A65812B007CE9BE /* NewsViewModel.swift */ = {isa = PBXFileReference; lastKnownFileType = sourcecode.swift; path = NewsViewModel.swift; sourceTree = "<group>"; };
		45A3E25B2A65815F007CE9BE /* LoginView.swift */ = {isa = PBXFileReference; lastKnownFileType = sourcecode.swift; path = LoginView.swift; sourceTree = "<group>"; };
		45A3E25D2A65816B007CE9BE /* RegisterView.swift */ = {isa = PBXFileReference; lastKnownFileType = sourcecode.swift; path = RegisterView.swift; sourceTree = "<group>"; };
		45A3E25F2A658175007CE9BE /* ProfileView.swift */ = {isa = PBXFileReference; lastKnownFileType = sourcecode.swift; path = ProfileView.swift; sourceTree = "<group>"; };
		45A3E2632A658681007CE9BE /* Common.swift */ = {isa = PBXFileReference; lastKnownFileType = sourcecode.swift; path = Common.swift; sourceTree = "<group>"; };
		45A3E2662A6587FB007CE9BE /* TLButton.swift */ = {isa = PBXFileReference; fileEncoding = 4; lastKnownFileType = sourcecode.swift; path = TLButton.swift; sourceTree = "<group>"; };
		45A3E2682A658A88007CE9BE /* HeaderView.swift */ = {isa = PBXFileReference; lastKnownFileType = sourcecode.swift; path = HeaderView.swift; sourceTree = "<group>"; };
		45A3E26C2A659235007CE9BE /* NewsItemView.swift */ = {isa = PBXFileReference; lastKnownFileType = sourcecode.swift; path = NewsItemView.swift; sourceTree = "<group>"; };
		45A3E26E2A65924B007CE9BE /* CustomURLImage.swift */ = {isa = PBXFileReference; lastKnownFileType = sourcecode.swift; path = CustomURLImage.swift; sourceTree = "<group>"; };
		45A3E2702A6592F2007CE9BE /* NewsItemData.swift */ = {isa = PBXFileReference; lastKnownFileType = sourcecode.swift; path = NewsItemData.swift; sourceTree = "<group>"; };
		45A3E2722A6597D7007CE9BE /* NewsListView.swift */ = {isa = PBXFileReference; lastKnownFileType = sourcecode.swift; path = NewsListView.swift; sourceTree = "<group>"; };
		45CCA00B2A651F450071C5C6 /* CITRARB.app */ = {isa = PBXFileReference; explicitFileType = wrapper.application; includeInIndex = 0; path = CITRARB.app; sourceTree = BUILT_PRODUCTS_DIR; };
		45CCA00E2A651F450071C5C6 /* CITRARBApp.swift */ = {isa = PBXFileReference; lastKnownFileType = sourcecode.swift; path = CITRARBApp.swift; sourceTree = "<group>"; };
		45CCA0102A651F450071C5C6 /* ContentView.swift */ = {isa = PBXFileReference; lastKnownFileType = sourcecode.swift; path = ContentView.swift; sourceTree = "<group>"; };
		45CCA0122A651F4B0071C5C6 /* Assets.xcassets */ = {isa = PBXFileReference; lastKnownFileType = folder.assetcatalog; path = Assets.xcassets; sourceTree = "<group>"; };
		45CCA0152A651F4B0071C5C6 /* Preview Assets.xcassets */ = {isa = PBXFileReference; lastKnownFileType = folder.assetcatalog; path = "Preview Assets.xcassets"; sourceTree = "<group>"; };
		45CF766D2AB6DA0E00D83E5F /* UploadsLandingView.swift */ = {isa = PBXFileReference; lastKnownFileType = sourcecode.swift; path = UploadsLandingView.swift; sourceTree = "<group>"; };
		45CF766F2AB6E36D00D83E5F /* UploadedProductsView.swift */ = {isa = PBXFileReference; lastKnownFileType = sourcecode.swift; path = UploadedProductsView.swift; sourceTree = "<group>"; };
		45CF76712AB6F77000D83E5F /* UploadedMusicView.swift */ = {isa = PBXFileReference; lastKnownFileType = sourcecode.swift; path = UploadedMusicView.swift; sourceTree = "<group>"; };
		45CF76732AB6F8BE00D83E5F /* UploadedEyeWitnessReports.swift */ = {isa = PBXFileReference; lastKnownFileType = sourcecode.swift; path = UploadedEyeWitnessReports.swift; sourceTree = "<group>"; };
		45CF76752AB6FEC700D83E5F /* UploadedMusicSheetView.swift */ = {isa = PBXFileReference; lastKnownFileType = sourcecode.swift; path = UploadedMusicSheetView.swift; sourceTree = "<group>"; };
		45CF76772AB7A90100D83E5F /* UploadedProductsSheetView.swift */ = {isa = PBXFileReference; lastKnownFileType = sourcecode.swift; path = UploadedProductsSheetView.swift; sourceTree = "<group>"; };
		45CF76792AB7A93A00D83E5F /* UploadedReportsSheetView.swift */ = {isa = PBXFileReference; lastKnownFileType = sourcecode.swift; path = UploadedReportsSheetView.swift; sourceTree = "<group>"; };
		45DC56A22AACFA0E00A31103 /* Data+Extensions.swift */ = {isa = PBXFileReference; lastKnownFileType = sourcecode.swift; path = "Data+Extensions.swift"; sourceTree = "<group>"; };
		45E5DA272A9651EC0024A96D /* MembersView.swift */ = {isa = PBXFileReference; lastKnownFileType = sourcecode.swift; path = MembersView.swift; sourceTree = "<group>"; };
		45E5DA292A9652EF0024A96D /* FriendsView.swift */ = {isa = PBXFileReference; lastKnownFileType = sourcecode.swift; path = FriendsView.swift; sourceTree = "<group>"; };
		45E5DA2B2A96531E0024A96D /* AllMembersView.swift */ = {isa = PBXFileReference; lastKnownFileType = sourcecode.swift; path = AllMembersView.swift; sourceTree = "<group>"; };
		45E5DA2E2A9657B40024A96D /* MembersAPI.swift */ = {isa = PBXFileReference; lastKnownFileType = sourcecode.swift; path = MembersAPI.swift; sourceTree = "<group>"; };
		45E5DA302A9657C40024A96D /* MembersData.swift */ = {isa = PBXFileReference; lastKnownFileType = sourcecode.swift; path = MembersData.swift; sourceTree = "<group>"; };
		45EF81AD2A67D15F00946B88 /* TVListItemView.swift */ = {isa = PBXFileReference; lastKnownFileType = sourcecode.swift; path = TVListItemView.swift; sourceTree = "<group>"; };
/* End PBXFileReference section */

/* Begin PBXFrameworksBuildPhase section */
		45CCA0082A651F450071C5C6 /* Frameworks */ = {
			isa = PBXFrameworksBuildPhase;
			buildActionMask = 2147483647;
			files = (
				45FC3BC32A666C99007A7CC0 /* Lottie in Frameworks */,
				45E5DA262A9650060024A96D /* SlidingTabView in Frameworks */,
				45819D482A7AF4E600D91A75 /* SwiftUIYouTubePlayer in Frameworks */,
				458222B32A67D651006B9058 /* CachedAsyncImage in Frameworks */,
				45819D452A7AC9B200D91A75 /* YouTubePlayerKit in Frameworks */,
			);
			runOnlyForDeploymentPostprocessing = 0;
		};
/* End PBXFrameworksBuildPhase section */

/* Begin PBXGroup section */
		457168E02A6686F500FDBBE8 /* Landing */ = {
			isa = PBXGroup;
			children = (
				457168E12A66871B00FDBBE8 /* MenuItemView.swift */,
				457168F92A66916000FDBBE8 /* LandingView.swift */,
				457168FC2A66A93100FDBBE8 /* LandingHeaderView.swift */,
				457168FE2A66A9F200FDBBE8 /* SplashScreen.storyboard */,
			);
			path = Landing;
			sourceTree = "<group>";
		};
		4580C6E42A7BB4F000D3CEAC /* Data */ = {
			isa = PBXGroup;
			children = (
				4580C6E62A7BB50E00D3CEAC /* Response */,
				4580C6E52A7BB4FC00D3CEAC /* Requests */,
				4580C6E72A7BB70900D3CEAC /* ProfileAPI.swift */,
			);
			path = Data;
			sourceTree = "<group>";
		};
		4580C6E52A7BB4FC00D3CEAC /* Requests */ = {
			isa = PBXGroup;
			children = (
			);
			path = Requests;
			sourceTree = "<group>";
		};
		4580C6E62A7BB50E00D3CEAC /* Response */ = {
			isa = PBXGroup;
			children = (
				4580C6E92A7BB91800D3CEAC /* LoginResponse.swift */,
			);
			path = Response;
			sourceTree = "<group>";
		};
		4580F2652AA5FD1F00DE775E /* Data */ = {
			isa = PBXGroup;
			children = (
				4580F2662AA5FDA500DE775E /* ConnectData.swift */,
				4580F26A2AA6180E00DE775E /* ConnectsAPI.swift */,
			);
			path = Data;
			sourceTree = "<group>";
		};
		458222B42A67D6DF006B9058 /* Data */ = {
			isa = PBXGroup;
			children = (
				458222B52A67D713006B9058 /* TVData.swift */,
				458222B72A67DE0A006B9058 /* TVAPI.swift */,
			);
			path = Data;
			sourceTree = "<group>";
		};
		4582FEC92AB585E10091F88D /* Data */ = {
			isa = PBXGroup;
			children = (
				4582FECA2AB585F80091F88D /* EyeWitnessData.swift */,
				4582FECC2AB587D60091F88D /* EyeWitnessAPI.swift */,
			);
			path = Data;
			sourceTree = "<group>";
		};
		4590D4082AB070D800079224 /* Data */ = {
			isa = PBXGroup;
			children = (
				4590D40B2AB0850A00079224 /* EventsData.swift */,
				4590D40F2AB09C9400079224 /* EventsAPI.swift */,
			);
			path = Data;
			sourceTree = "<group>";
		};
		4599C42C2AB12E8200576B2E /* Data */ = {
			isa = PBXGroup;
			children = (
				4599C42D2AB12E9600576B2E /* MusicData.swift */,
				4599C42F2AB1300B00576B2E /* MusicAPI.swift */,
			);
			path = Data;
			sourceTree = "<group>";
		};
		45A3A91A2AAA498800B1F6DF /* Data */ = {
			isa = PBXGroup;
			children = (
				45A3A9182AAA36EC00B1F6DF /* MarketPlaceData.swift */,
				45A3A91B2AAA49A100B1F6DF /* MarketPlaceAPI.swift */,
			);
			path = Data;
			sourceTree = "<group>";
		};
		45A3E2292A6567C1007CE9BE /* Resources */ = {
			isa = PBXGroup;
			children = (
				45A3E22A2A6567CE007CE9BE /* LottieFiles */,
			);
			path = Resources;
			sourceTree = "<group>";
		};
		45A3E22A2A6567CE007CE9BE /* LottieFiles */ = {
			isa = PBXGroup;
			children = (
				457168F72A66914200FDBBE8 /* citrarb_uploads_menu.json */,
				457168F52A66913B00FDBBE8 /* citrarb_members_menu.json */,
				457168F32A66913000FDBBE8 /* citrarb_tv_menu.json */,
				457168F12A66911F00FDBBE8 /* citrarb_not_logged_in.json */,
				457168EF2A6690CF00FDBBE8 /* loading.json */,
				457168ED2A6690BA00FDBBE8 /* citrarb_market_place_menu.json */,
				457168EB2A6690B100FDBBE8 /* citrarb_events_menu.json */,
				457168E92A6690A800FDBBE8 /* citrarb_connect_menu.json */,
				457168E72A6690A100FDBBE8 /* citrarb_news_menu.json */,
				457168E52A66908600FDBBE8 /* citrarb_music_menu.json */,
				457168E32A668FA900FDBBE8 /* citrarb_eye_witness_menu.json */,
			);
			path = LottieFiles;
			sourceTree = "<group>";
		};
		45A3E2352A65688F007CE9BE /* Utils */ = {
			isa = PBXGroup;
			children = (
				45A3E26E2A65924B007CE9BE /* CustomURLImage.swift */,
				45A3E2652A6587DC007CE9BE /* ViewsUtils */,
				45A3E2632A658681007CE9BE /* Common.swift */,
				45819D492A7AF58900D91A75 /* Extensions.swift */,
				45DC56A22AACFA0E00A31103 /* Data+Extensions.swift */,
			);
			path = Utils;
			sourceTree = "<group>";
		};
		45A3E2362A65689D007CE9BE /* Features */ = {
			isa = PBXGroup;
			children = (
				457168E02A6686F500FDBBE8 /* Landing */,
				45A3E2442A658033007CE9BE /* Profile */,
				45A3E2432A65802B007CE9BE /* Settings */,
				45A3E2422A657FFE007CE9BE /* Pagentry (Hookup) */,
				45A3E2412A657FE0007CE9BE /* Events */,
				45A3E2402A657FD5007CE9BE /* Uploads */,
				45A3E23F2A657FCA007CE9BE /* Music */,
				45A3E23E2A657FB6007CE9BE /* Marketplace */,
				45A3E23D2A657F9B007CE9BE /* Connect (Occupation) */,
				45A3E23C2A657F91007CE9BE /* Members */,
				45A3E23B2A657F81007CE9BE /* EyeWitness */,
				45A3E23A2A657F74007CE9BE /* TV */,
				45A3E2392A657F69007CE9BE /* News */,
			);
			path = Features;
			sourceTree = "<group>";
		};
		45A3E2392A657F69007CE9BE /* News */ = {
			isa = PBXGroup;
			children = (
				45A3E2592A65812B007CE9BE /* NewsViewModel.swift */,
				45A3E26C2A659235007CE9BE /* NewsItemView.swift */,
				45A3E2702A6592F2007CE9BE /* NewsItemData.swift */,
				45A3E2722A6597D7007CE9BE /* NewsListView.swift */,
			);
			path = News;
			sourceTree = "<group>";
		};
		45A3E23A2A657F74007CE9BE /* TV */ = {
			isa = PBXGroup;
			children = (
				45A3E2572A658121007CE9BE /* TVViewModel.swift */,
				4589FCD32A66B86A00D69572 /* TVListView.swift */,
				458222B42A67D6DF006B9058 /* Data */,
				45EF81AD2A67D15F00946B88 /* TVListItemView.swift */,
				45819D3D2A7AB44300D91A75 /* TVSheetView.swift */,
				45819D3F2A7AB69300D91A75 /* TVSheetViewModel.swift */,
				45819D412A7AB7A500D91A75 /* YouTubePlayerView.swift */,
			);
			path = TV;
			sourceTree = "<group>";
		};
		45A3E23B2A657F81007CE9BE /* EyeWitness */ = {
			isa = PBXGroup;
			children = (
				4582FEC92AB585E10091F88D /* Data */,
				45A3E2552A658111007CE9BE /* EyeWitnessViewModel.swift */,
				4582FECE2AB589DD0091F88D /* EyeWitnessReportLandingView.swift */,
				4582FED02AB58A9F0091F88D /* EyeWitnessItemView.swift */,
				4582FED22AB58D8E0091F88D /* EyeWitnessSheetView.swift */,
				4582FED42AB598A00091F88D /* NewEyeWitnessReportSheet.swift */,
				4582FED62AB5AB700091F88D /* VideoPlayerView.swift */,
			);
			path = EyeWitness;
			sourceTree = "<group>";
		};
		45A3E23C2A657F91007CE9BE /* Members */ = {
			isa = PBXGroup;
			children = (
				45E5DA2D2A9657A30024A96D /* Data */,
				45A3E2532A658106007CE9BE /* MembersViewModel.swift */,
				4501159C2A7C1BD000DE07B4 /* AllMembersListItemView.swift */,
				4501159E2A7C1BF500DE07B4 /* FriendsListView.swift */,
				450115A02A7C1C0600DE07B4 /* FriendsListItemView.swift */,
				450115A22A7C1C3200DE07B4 /* FriendRequestItemView.swift */,
				45E5DA272A9651EC0024A96D /* MembersView.swift */,
				45E5DA292A9652EF0024A96D /* FriendsView.swift */,
				45E5DA2B2A96531E0024A96D /* AllMembersView.swift */,
				457DF5F52A96C78D00EE31CA /* MemberSheetView.swift */,
			);
			path = Members;
			sourceTree = "<group>";
		};
		45A3E23D2A657F9B007CE9BE /* Connect (Occupation) */ = {
			isa = PBXGroup;
			children = (
				4580F2652AA5FD1F00DE775E /* Data */,
				45A3E2512A6580F9007CE9BE /* ConnectViewModel.swift */,
				4584C5B72AA5DC8900405076 /* AllConnectsView.swift */,
				4584C5B92AA5DD3000405076 /* ConnectItemView.swift */,
				452E9D832AA5E9C300F6A0DD /* ConnectSheetView.swift */,
				4580F2682AA6139000DE775E /* ConnectsView.swift */,
				4580F26C2AA63BE600DE775E /* NewConnectView.swift */,
			);
			path = "Connect (Occupation)";
			sourceTree = "<group>";
		};
		45A3E23E2A657FB6007CE9BE /* Marketplace */ = {
			isa = PBXGroup;
			children = (
				45A3A91A2AAA498800B1F6DF /* Data */,
				45A3E24F2A6580AC007CE9BE /* MarketPlaceViewModel.swift */,
				45A3A9142AAA2A8A00B1F6DF /* MarketPlaceBaseView.swift */,
				45A3A9162AAA2C3100B1F6DF /* ProductItemView.swift */,
				45A3A91D2AAA6A3400B1F6DF /* MarketPlaceProductsView.swift */,
				45A3A91F2AAA6D5300B1F6DF /* ProductSheetView.swift */,
				45A3A9212AAA83F400B1F6DF /* NewProductView.swift */,
			);
			path = Marketplace;
			sourceTree = "<group>";
		};
		45A3E23F2A657FCA007CE9BE /* Music */ = {
			isa = PBXGroup;
			children = (
				4599C42C2AB12E8200576B2E /* Data */,
				45A3E24D2A658092007CE9BE /* MusicViewModel.swift */,
				4599C4312AB1325500576B2E /* MusicLandingView.swift */,
				4599C4332AB135C500576B2E /* MusicItemView.swift */,
				4599C4352AB1874200576B2E /* MusicSheetView.swift */,
				4599C4372AB45EFB00576B2E /* NewMusicView.swift */,
			);
			path = Music;
			sourceTree = "<group>";
		};
		45A3E2402A657FD5007CE9BE /* Uploads */ = {
			isa = PBXGroup;
			children = (
				45A3E24B2A658081007CE9BE /* UploadsViewModel.swift */,
				45CF766D2AB6DA0E00D83E5F /* UploadsLandingView.swift */,
				45CF766F2AB6E36D00D83E5F /* UploadedProductsView.swift */,
				45CF76712AB6F77000D83E5F /* UploadedMusicView.swift */,
				45CF76732AB6F8BE00D83E5F /* UploadedEyeWitnessReports.swift */,
				45CF76752AB6FEC700D83E5F /* UploadedMusicSheetView.swift */,
				45CF76772AB7A90100D83E5F /* UploadedProductsSheetView.swift */,
				45CF76792AB7A93A00D83E5F /* UploadedReportsSheetView.swift */,
			);
			path = Uploads;
			sourceTree = "<group>";
		};
		45A3E2412A657FE0007CE9BE /* Events */ = {
			isa = PBXGroup;
			children = (
				4590D4082AB070D800079224 /* Data */,
				45A3E2492A658074007CE9BE /* EventsViewModel.swift */,
				4590D4062AAF394F00079224 /* EventsLandingView.swift */,
				4590D4092AB070FB00079224 /* EventItemView.swift */,
				4590D40D2AB0911600079224 /* UpcomingEventsView.swift */,
				4580E3622AB0DB660028EC32 /* ConcludedEventsView.swift */,
				4580E3642AB0E9CD0028EC32 /* EventsSheetView.swift */,
				4597A3D12AB10075005811CB /* NewEventSheetView.swift */,
			);
			path = Events;
			sourceTree = "<group>";
		};
		45A3E2422A657FFE007CE9BE /* Pagentry (Hookup) */ = {
			isa = PBXGroup;
			children = (
				45A3E2472A658069007CE9BE /* PagentryViewModel.swift */,
			);
			path = "Pagentry (Hookup)";
			sourceTree = "<group>";
		};
		45A3E2432A65802B007CE9BE /* Settings */ = {
			isa = PBXGroup;
			children = (
			);
			path = Settings;
			sourceTree = "<group>";
		};
		45A3E2442A658033007CE9BE /* Profile */ = {
			isa = PBXGroup;
			children = (
				4580C6E42A7BB4F000D3CEAC /* Data */,
				45A3E2452A65805A007CE9BE /* ProfileViewModel.swift */,
				45A3E25B2A65815F007CE9BE /* LoginView.swift */,
				45A3E25D2A65816B007CE9BE /* RegisterView.swift */,
				45A3E25F2A658175007CE9BE /* ProfileView.swift */,
			);
			path = Profile;
			sourceTree = "<group>";
		};
		45A3E2652A6587DC007CE9BE /* ViewsUtils */ = {
			isa = PBXGroup;
			children = (
				4584C5B52AA461B800405076 /* SearchBarView.swift */,
				45A3E2682A658A88007CE9BE /* HeaderView.swift */,
				45A3E2662A6587FB007CE9BE /* TLButton.swift */,
				45A3E2372A6568D7007CE9BE /* LottieView.swift */,
				45A3A9122AA9F7DA00B1F6DF /* LoadingDialog.swift */,
				45815E942AB5747D00E20CE7 /* UIViewControllerRepresenter.swift */,
			);
			path = ViewsUtils;
			sourceTree = "<group>";
		};
		45CCA0022A651F440071C5C6 = {
			isa = PBXGroup;
			children = (
				45CCA00D2A651F450071C5C6 /* CITRARB */,
				45CCA00C2A651F450071C5C6 /* Products */,
			);
			sourceTree = "<group>";
		};
		45CCA00C2A651F450071C5C6 /* Products */ = {
			isa = PBXGroup;
			children = (
				45CCA00B2A651F450071C5C6 /* CITRARB.app */,
			);
			name = Products;
			sourceTree = "<group>";
		};
		45CCA00D2A651F450071C5C6 /* CITRARB */ = {
			isa = PBXGroup;
			children = (
				4599C42B2AB121FB00576B2E /* Info.plist */,
				45A3E2362A65689D007CE9BE /* Features */,
				45A3E2352A65688F007CE9BE /* Utils */,
				45A3E2292A6567C1007CE9BE /* Resources */,
				45CCA00E2A651F450071C5C6 /* CITRARBApp.swift */,
				45CCA0102A651F450071C5C6 /* ContentView.swift */,
				45CCA0122A651F4B0071C5C6 /* Assets.xcassets */,
				45CCA0142A651F4B0071C5C6 /* Preview Content */,
			);
			path = CITRARB;
			sourceTree = "<group>";
		};
		45CCA0142A651F4B0071C5C6 /* Preview Content */ = {
			isa = PBXGroup;
			children = (
				45CCA0152A651F4B0071C5C6 /* Preview Assets.xcassets */,
			);
			path = "Preview Content";
			sourceTree = "<group>";
		};
		45E5DA2D2A9657A30024A96D /* Data */ = {
			isa = PBXGroup;
			children = (
				45E5DA2E2A9657B40024A96D /* MembersAPI.swift */,
				45E5DA302A9657C40024A96D /* MembersData.swift */,
			);
			path = Data;
			sourceTree = "<group>";
		};
/* End PBXGroup section */

/* Begin PBXNativeTarget section */
		45CCA00A2A651F450071C5C6 /* CITRARB */ = {
			isa = PBXNativeTarget;
			buildConfigurationList = 45CCA0192A651F4B0071C5C6 /* Build configuration list for PBXNativeTarget "CITRARB" */;
			buildPhases = (
				45CCA0072A651F450071C5C6 /* Sources */,
				45CCA0082A651F450071C5C6 /* Frameworks */,
				45CCA0092A651F450071C5C6 /* Resources */,
			);
			buildRules = (
			);
			dependencies = (
			);
			name = CITRARB;
			packageProductDependencies = (
				45FC3BC22A666C99007A7CC0 /* Lottie */,
				458222B22A67D651006B9058 /* CachedAsyncImage */,
				45819D442A7AC9B200D91A75 /* YouTubePlayerKit */,
				45819D472A7AF4E600D91A75 /* SwiftUIYouTubePlayer */,
				45E5DA252A9650060024A96D /* SlidingTabView */,
			);
			productName = CITRARB;
			productReference = 45CCA00B2A651F450071C5C6 /* CITRARB.app */;
			productType = "com.apple.product-type.application";
		};
/* End PBXNativeTarget section */

/* Begin PBXProject section */
		45CCA0032A651F440071C5C6 /* Project object */ = {
			isa = PBXProject;
			attributes = {
				BuildIndependentTargetsInParallel = 1;
				LastSwiftUpdateCheck = 1420;
				LastUpgradeCheck = 1420;
				TargetAttributes = {
					45CCA00A2A651F450071C5C6 = {
						CreatedOnToolsVersion = 14.2;
					};
				};
			};
			buildConfigurationList = 45CCA0062A651F440071C5C6 /* Build configuration list for PBXProject "CITRARB" */;
			compatibilityVersion = "Xcode 14.0";
			developmentRegion = en;
			hasScannedForEncodings = 0;
			knownRegions = (
				en,
				Base,
			);
			mainGroup = 45CCA0022A651F440071C5C6;
			packageReferences = (
				45FC3BC12A666C99007A7CC0 /* XCRemoteSwiftPackageReference "lottie-ios" */,
				458222B12A67D651006B9058 /* XCRemoteSwiftPackageReference "swiftui-cached-async-image" */,
				45819D432A7AC9B200D91A75 /* XCRemoteSwiftPackageReference "YouTubePlayerKit" */,
				45819D462A7AF4E500D91A75 /* XCRemoteSwiftPackageReference "swiftui-youtube-player" */,
				45E5DA242A9650060024A96D /* XCRemoteSwiftPackageReference "SlidingTabView" */,
			);
			productRefGroup = 45CCA00C2A651F450071C5C6 /* Products */;
			projectDirPath = "";
			projectRoot = "";
			targets = (
				45CCA00A2A651F450071C5C6 /* CITRARB */,
			);
		};
/* End PBXProject section */

/* Begin PBXResourcesBuildPhase section */
		45CCA0092A651F450071C5C6 /* Resources */ = {
			isa = PBXResourcesBuildPhase;
			buildActionMask = 2147483647;
			files = (
				457168EE2A6690BA00FDBBE8 /* citrarb_market_place_menu.json in Resources */,
				45CCA0162A651F4B0071C5C6 /* Preview Assets.xcassets in Resources */,
				457168EA2A6690A800FDBBE8 /* citrarb_connect_menu.json in Resources */,
				45CCA0132A651F4B0071C5C6 /* Assets.xcassets in Resources */,
				457168F82A66914200FDBBE8 /* citrarb_uploads_menu.json in Resources */,
				457168F22A66911F00FDBBE8 /* citrarb_not_logged_in.json in Resources */,
				457168E62A66908600FDBBE8 /* citrarb_music_menu.json in Resources */,
				457168EC2A6690B100FDBBE8 /* citrarb_events_menu.json in Resources */,
				457168E82A6690A100FDBBE8 /* citrarb_news_menu.json in Resources */,
				457168E42A668FA900FDBBE8 /* citrarb_eye_witness_menu.json in Resources */,
				457168F42A66913000FDBBE8 /* citrarb_tv_menu.json in Resources */,
				457168F62A66913B00FDBBE8 /* citrarb_members_menu.json in Resources */,
				457168F02A6690CF00FDBBE8 /* loading.json in Resources */,
				457168FF2A66A9F200FDBBE8 /* SplashScreen.storyboard in Resources */,
			);
			runOnlyForDeploymentPostprocessing = 0;
		};
/* End PBXResourcesBuildPhase section */

/* Begin PBXSourcesBuildPhase section */
		45CCA0072A651F450071C5C6 /* Sources */ = {
			isa = PBXSourcesBuildPhase;
			buildActionMask = 2147483647;
			files = (
				45A3A9202AAA6D5300B1F6DF /* ProductSheetView.swift in Sources */,
				4501159D2A7C1BD000DE07B4 /* AllMembersListItemView.swift in Sources */,
				45A3A9152AAA2A8A00B1F6DF /* MarketPlaceBaseView.swift in Sources */,
				45A3E2562A658111007CE9BE /* EyeWitnessViewModel.swift in Sources */,
				45A3A91E2AAA6A3400B1F6DF /* MarketPlaceProductsView.swift in Sources */,
				45DC56A32AACFA0E00A31103 /* Data+Extensions.swift in Sources */,
				4580C6E82A7BB70900D3CEAC /* ProfileAPI.swift in Sources */,
				45A3E2482A658069007CE9BE /* PagentryViewModel.swift in Sources */,
				452E9D842AA5E9C300F6A0DD /* ConnectSheetView.swift in Sources */,
				45A3A91C2AAA49A100B1F6DF /* MarketPlaceAPI.swift in Sources */,
				457168E22A66871B00FDBBE8 /* MenuItemView.swift in Sources */,
				457168FD2A66A93100FDBBE8 /* LandingHeaderView.swift in Sources */,
				45CCA0112A651F450071C5C6 /* ContentView.swift in Sources */,
				4599C4322AB1325500576B2E /* MusicLandingView.swift in Sources */,
				4580E3632AB0DB660028EC32 /* ConcludedEventsView.swift in Sources */,
				4590D4102AB09C9400079224 /* EventsAPI.swift in Sources */,
				4580C6EA2A7BB91800D3CEAC /* LoginResponse.swift in Sources */,
				4584C5B82AA5DC8900405076 /* AllConnectsView.swift in Sources */,
				45A3E2712A6592F2007CE9BE /* NewsItemData.swift in Sources */,
				4597A3D22AB10075005811CB /* NewEventSheetView.swift in Sources */,
				45A3E25C2A65815F007CE9BE /* LoginView.swift in Sources */,
				45E5DA2C2A96531E0024A96D /* AllMembersView.swift in Sources */,
				45CCA00F2A651F450071C5C6 /* CITRARBApp.swift in Sources */,
				45A3E2502A6580AC007CE9BE /* MarketPlaceViewModel.swift in Sources */,
				45A3E26D2A659235007CE9BE /* NewsItemView.swift in Sources */,
				45819D402A7AB69300D91A75 /* TVSheetViewModel.swift in Sources */,
				458222B82A67DE0A006B9058 /* TVAPI.swift in Sources */,
				45CF76702AB6E36D00D83E5F /* UploadedProductsView.swift in Sources */,
				4584C5B62AA461B800405076 /* SearchBarView.swift in Sources */,
				4580F26D2AA63BE600DE775E /* NewConnectView.swift in Sources */,
				4584C5BA2AA5DD3000405076 /* ConnectItemView.swift in Sources */,
				4590D4072AAF394F00079224 /* EventsLandingView.swift in Sources */,
				45CF76782AB7A90100D83E5F /* UploadedProductsSheetView.swift in Sources */,
				45CF767A2AB7A93A00D83E5F /* UploadedReportsSheetView.swift in Sources */,
				4582FED72AB5AB700091F88D /* VideoPlayerView.swift in Sources */,
				450115A12A7C1C0600DE07B4 /* FriendsListItemView.swift in Sources */,
				457168FA2A66916000FDBBE8 /* LandingView.swift in Sources */,
				45A3E24A2A658074007CE9BE /* EventsViewModel.swift in Sources */,
				4590D40E2AB0911600079224 /* UpcomingEventsView.swift in Sources */,
				45A3E2582A658121007CE9BE /* TVViewModel.swift in Sources */,
				45EF81AE2A67D15F00946B88 /* TVListItemView.swift in Sources */,
				4580F26B2AA6180E00DE775E /* ConnectsAPI.swift in Sources */,
				45CF766E2AB6DA0E00D83E5F /* UploadsLandingView.swift in Sources */,
				458222B62A67D713006B9058 /* TVData.swift in Sources */,
				4599C4362AB1874200576B2E /* MusicSheetView.swift in Sources */,
				4582FED12AB58A9F0091F88D /* EyeWitnessItemView.swift in Sources */,
				45A3A9132AA9F7DA00B1F6DF /* LoadingDialog.swift in Sources */,
				4580F2692AA6139000DE775E /* ConnectsView.swift in Sources */,
				45A3E2672A6587FB007CE9BE /* TLButton.swift in Sources */,
				45815E952AB5747D00E20CE7 /* UIViewControllerRepresenter.swift in Sources */,
				45819D4A2A7AF58900D91A75 /* Extensions.swift in Sources */,
				45A3E24E2A658092007CE9BE /* MusicViewModel.swift in Sources */,
				4580E3652AB0E9CD0028EC32 /* EventsSheetView.swift in Sources */,
				45CF76742AB6F8BE00D83E5F /* UploadedEyeWitnessReports.swift in Sources */,
				4590D40C2AB0850A00079224 /* EventsData.swift in Sources */,
				45E5DA312A9657C40024A96D /* MembersData.swift in Sources */,
				4582FED52AB598A00091F88D /* NewEyeWitnessReportSheet.swift in Sources */,
				45E5DA282A9651ED0024A96D /* MembersView.swift in Sources */,
				45A3E2602A658175007CE9BE /* ProfileView.swift in Sources */,
				45A3E2462A65805A007CE9BE /* ProfileViewModel.swift in Sources */,
				45A3E26F2A65924B007CE9BE /* CustomURLImage.swift in Sources */,
				45A3A9172AAA2C3100B1F6DF /* ProductItemView.swift in Sources */,
				45A3E2692A658A88007CE9BE /* HeaderView.swift in Sources */,
				4582FED32AB58D8E0091F88D /* EyeWitnessSheetView.swift in Sources */,
				45E5DA2A2A9652EF0024A96D /* FriendsView.swift in Sources */,
				4580F2672AA5FDA500DE775E /* ConnectData.swift in Sources */,
				4582FECB2AB585F80091F88D /* EyeWitnessData.swift in Sources */,
				45A3E2732A6597D7007CE9BE /* NewsListView.swift in Sources */,
				45819D422A7AB7A500D91A75 /* YouTubePlayerView.swift in Sources */,
				4599C4302AB1300B00576B2E /* MusicAPI.swift in Sources */,
				45A3E2522A6580F9007CE9BE /* ConnectViewModel.swift in Sources */,
				45A3E24C2A658081007CE9BE /* UploadsViewModel.swift in Sources */,
				45E5DA2F2A9657B40024A96D /* MembersAPI.swift in Sources */,
				4599C4342AB135C500576B2E /* MusicItemView.swift in Sources */,
				4599C4382AB45EFB00576B2E /* NewMusicView.swift in Sources */,
				45A3A9192AAA36EC00B1F6DF /* MarketPlaceData.swift in Sources */,
				450115A32A7C1C3200DE07B4 /* FriendRequestItemView.swift in Sources */,
				4589FCD42A66B86A00D69572 /* TVListView.swift in Sources */,
				45A3E25A2A65812B007CE9BE /* NewsViewModel.swift in Sources */,
				4501159F2A7C1BF500DE07B4 /* FriendsListView.swift in Sources */,
				45A3A9222AAA83F400B1F6DF /* NewProductView.swift in Sources */,
				45A3E2642A658681007CE9BE /* Common.swift in Sources */,
				4590D40A2AB070FB00079224 /* EventItemView.swift in Sources */,
				45A3E25E2A65816B007CE9BE /* RegisterView.swift in Sources */,
				457DF5F62A96C78D00EE31CA /* MemberSheetView.swift in Sources */,
				45CF76762AB6FEC700D83E5F /* UploadedMusicSheetView.swift in Sources */,
				45819D3E2A7AB44300D91A75 /* TVSheetView.swift in Sources */,
				4582FECD2AB587D60091F88D /* EyeWitnessAPI.swift in Sources */,
				4582FECF2AB589DD0091F88D /* EyeWitnessReportLandingView.swift in Sources */,
				45CF76722AB6F77000D83E5F /* UploadedMusicView.swift in Sources */,
				45A3E2542A658106007CE9BE /* MembersViewModel.swift in Sources */,
				4599C42E2AB12E9600576B2E /* MusicData.swift in Sources */,
				45A3E2382A6568D7007CE9BE /* LottieView.swift in Sources */,
			);
			runOnlyForDeploymentPostprocessing = 0;
		};
/* End PBXSourcesBuildPhase section */

/* Begin XCBuildConfiguration section */
		45CCA0172A651F4B0071C5C6 /* Debug */ = {
			isa = XCBuildConfiguration;
			buildSettings = {
				ALWAYS_SEARCH_USER_PATHS = NO;
				CLANG_ANALYZER_NONNULL = YES;
				CLANG_ANALYZER_NUMBER_OBJECT_CONVERSION = YES_AGGRESSIVE;
				CLANG_CXX_LANGUAGE_STANDARD = "gnu++20";
				CLANG_ENABLE_MODULES = YES;
				CLANG_ENABLE_OBJC_ARC = YES;
				CLANG_ENABLE_OBJC_WEAK = YES;
				CLANG_WARN_BLOCK_CAPTURE_AUTORELEASING = YES;
				CLANG_WARN_BOOL_CONVERSION = YES;
				CLANG_WARN_COMMA = YES;
				CLANG_WARN_CONSTANT_CONVERSION = YES;
				CLANG_WARN_DEPRECATED_OBJC_IMPLEMENTATIONS = YES;
				CLANG_WARN_DIRECT_OBJC_ISA_USAGE = YES_ERROR;
				CLANG_WARN_DOCUMENTATION_COMMENTS = YES;
				CLANG_WARN_EMPTY_BODY = YES;
				CLANG_WARN_ENUM_CONVERSION = YES;
				CLANG_WARN_INFINITE_RECURSION = YES;
				CLANG_WARN_INT_CONVERSION = YES;
				CLANG_WARN_NON_LITERAL_NULL_CONVERSION = YES;
				CLANG_WARN_OBJC_IMPLICIT_RETAIN_SELF = YES;
				CLANG_WARN_OBJC_LITERAL_CONVERSION = YES;
				CLANG_WARN_OBJC_ROOT_CLASS = YES_ERROR;
				CLANG_WARN_QUOTED_INCLUDE_IN_FRAMEWORK_HEADER = YES;
				CLANG_WARN_RANGE_LOOP_ANALYSIS = YES;
				CLANG_WARN_STRICT_PROTOTYPES = YES;
				CLANG_WARN_SUSPICIOUS_MOVE = YES;
				CLANG_WARN_UNGUARDED_AVAILABILITY = YES_AGGRESSIVE;
				CLANG_WARN_UNREACHABLE_CODE = YES;
				CLANG_WARN__DUPLICATE_METHOD_MATCH = YES;
				COPY_PHASE_STRIP = NO;
				DEAD_CODE_STRIPPING = NO;
				DEBUG_INFORMATION_FORMAT = dwarf;
				ENABLE_STRICT_OBJC_MSGSEND = YES;
				ENABLE_TESTABILITY = YES;
				GCC_C_LANGUAGE_STANDARD = gnu11;
				GCC_DYNAMIC_NO_PIC = NO;
				GCC_NO_COMMON_BLOCKS = YES;
				GCC_OPTIMIZATION_LEVEL = 0;
				GCC_PREPROCESSOR_DEFINITIONS = (
					"DEBUG=1",
					"$(inherited)",
				);
				GCC_WARN_64_TO_32_BIT_CONVERSION = YES;
				GCC_WARN_ABOUT_RETURN_TYPE = YES_ERROR;
				GCC_WARN_UNDECLARED_SELECTOR = YES;
				GCC_WARN_UNINITIALIZED_AUTOS = YES_AGGRESSIVE;
				GCC_WARN_UNUSED_FUNCTION = YES;
				GCC_WARN_UNUSED_VARIABLE = YES;
				IPHONEOS_DEPLOYMENT_TARGET = 16.2;
				MTL_ENABLE_DEBUG_INFO = INCLUDE_SOURCE;
				MTL_FAST_MATH = YES;
				ONLY_ACTIVE_ARCH = YES;
				SDKROOT = iphoneos;
				SWIFT_ACTIVE_COMPILATION_CONDITIONS = DEBUG;
				SWIFT_OPTIMIZATION_LEVEL = "-Onone";
			};
			name = Debug;
		};
		45CCA0182A651F4B0071C5C6 /* Release */ = {
			isa = XCBuildConfiguration;
			buildSettings = {
				ALWAYS_SEARCH_USER_PATHS = NO;
				CLANG_ANALYZER_NONNULL = YES;
				CLANG_ANALYZER_NUMBER_OBJECT_CONVERSION = YES_AGGRESSIVE;
				CLANG_CXX_LANGUAGE_STANDARD = "gnu++20";
				CLANG_ENABLE_MODULES = YES;
				CLANG_ENABLE_OBJC_ARC = YES;
				CLANG_ENABLE_OBJC_WEAK = YES;
				CLANG_WARN_BLOCK_CAPTURE_AUTORELEASING = YES;
				CLANG_WARN_BOOL_CONVERSION = YES;
				CLANG_WARN_COMMA = YES;
				CLANG_WARN_CONSTANT_CONVERSION = YES;
				CLANG_WARN_DEPRECATED_OBJC_IMPLEMENTATIONS = YES;
				CLANG_WARN_DIRECT_OBJC_ISA_USAGE = YES_ERROR;
				CLANG_WARN_DOCUMENTATION_COMMENTS = YES;
				CLANG_WARN_EMPTY_BODY = YES;
				CLANG_WARN_ENUM_CONVERSION = YES;
				CLANG_WARN_INFINITE_RECURSION = YES;
				CLANG_WARN_INT_CONVERSION = YES;
				CLANG_WARN_NON_LITERAL_NULL_CONVERSION = YES;
				CLANG_WARN_OBJC_IMPLICIT_RETAIN_SELF = YES;
				CLANG_WARN_OBJC_LITERAL_CONVERSION = YES;
				CLANG_WARN_OBJC_ROOT_CLASS = YES_ERROR;
				CLANG_WARN_QUOTED_INCLUDE_IN_FRAMEWORK_HEADER = YES;
				CLANG_WARN_RANGE_LOOP_ANALYSIS = YES;
				CLANG_WARN_STRICT_PROTOTYPES = YES;
				CLANG_WARN_SUSPICIOUS_MOVE = YES;
				CLANG_WARN_UNGUARDED_AVAILABILITY = YES_AGGRESSIVE;
				CLANG_WARN_UNREACHABLE_CODE = YES;
				CLANG_WARN__DUPLICATE_METHOD_MATCH = YES;
				COPY_PHASE_STRIP = NO;
				DEAD_CODE_STRIPPING = NO;
				DEBUG_INFORMATION_FORMAT = "dwarf-with-dsym";
				ENABLE_NS_ASSERTIONS = NO;
				ENABLE_STRICT_OBJC_MSGSEND = YES;
				GCC_C_LANGUAGE_STANDARD = gnu11;
				GCC_NO_COMMON_BLOCKS = YES;
				GCC_WARN_64_TO_32_BIT_CONVERSION = YES;
				GCC_WARN_ABOUT_RETURN_TYPE = YES_ERROR;
				GCC_WARN_UNDECLARED_SELECTOR = YES;
				GCC_WARN_UNINITIALIZED_AUTOS = YES_AGGRESSIVE;
				GCC_WARN_UNUSED_FUNCTION = YES;
				GCC_WARN_UNUSED_VARIABLE = YES;
				IPHONEOS_DEPLOYMENT_TARGET = 16.2;
				MTL_ENABLE_DEBUG_INFO = NO;
				MTL_FAST_MATH = YES;
				SDKROOT = iphoneos;
				SWIFT_COMPILATION_MODE = wholemodule;
				SWIFT_OPTIMIZATION_LEVEL = "-O";
				VALIDATE_PRODUCT = YES;
			};
			name = Release;
		};
		45CCA01A2A651F4B0071C5C6 /* Debug */ = {
			isa = XCBuildConfiguration;
			buildSettings = {
				ASSETCATALOG_COMPILER_APPICON_NAME = AppIcon;
				ASSETCATALOG_COMPILER_GLOBAL_ACCENT_COLOR_NAME = AccentColor;
				CODE_SIGN_STYLE = Automatic;
				CURRENT_PROJECT_VERSION = 1;
				DEVELOPMENT_ASSET_PATHS = "\"CITRARB/Preview Content\"";
				DEVELOPMENT_TEAM = ZG65SS3WVL;
				ENABLE_PREVIEWS = YES;
				GENERATE_INFOPLIST_FILE = YES;
				INFOPLIST_FILE = CITRARB/Info.plist;
				INFOPLIST_KEY_CFBundleDisplayName = "Coal City Connect";
				INFOPLIST_KEY_LSApplicationCategoryType = "public.app-category.entertainment";
				INFOPLIST_KEY_NSRemindersUsageDescription = "This app requires access to add attending events to your reminders.";
				INFOPLIST_KEY_UIApplicationSceneManifest_Generation = YES;
				INFOPLIST_KEY_UIApplicationSupportsIndirectInputEvents = YES;
				INFOPLIST_KEY_UILaunchScreen_Generation = YES;
				INFOPLIST_KEY_UILaunchStoryboardName = SplashScreen.storyboard;
				INFOPLIST_KEY_UISupportedInterfaceOrientations = UIInterfaceOrientationPortrait;
				LD_RUNPATH_SEARCH_PATHS = (
					"$(inherited)",
					"@executable_path/Frameworks",
				);
				MARKETING_VERSION = 1.0;
				PRODUCT_BUNDLE_IDENTIFIER = org.devstrike.app.CITRARB;
				PRODUCT_NAME = "$(TARGET_NAME)";
				SWIFT_EMIT_LOC_STRINGS = YES;
				SWIFT_VERSION = 5.0;
				TARGETED_DEVICE_FAMILY = "1,2";
			};
			name = Debug;
		};
		45CCA01B2A651F4B0071C5C6 /* Release */ = {
			isa = XCBuildConfiguration;
			buildSettings = {
				ASSETCATALOG_COMPILER_APPICON_NAME = AppIcon;
				ASSETCATALOG_COMPILER_GLOBAL_ACCENT_COLOR_NAME = AccentColor;
				CODE_SIGN_STYLE = Automatic;
				CURRENT_PROJECT_VERSION = 1;
				DEVELOPMENT_ASSET_PATHS = "\"CITRARB/Preview Content\"";
				DEVELOPMENT_TEAM = ZG65SS3WVL;
				ENABLE_PREVIEWS = YES;
				GENERATE_INFOPLIST_FILE = YES;
				INFOPLIST_FILE = CITRARB/Info.plist;
				INFOPLIST_KEY_CFBundleDisplayName = "Coal City Connect";
				INFOPLIST_KEY_LSApplicationCategoryType = "public.app-category.entertainment";
				INFOPLIST_KEY_NSRemindersUsageDescription = "This app requires access to add attending events to your reminders.";
				INFOPLIST_KEY_UIApplicationSceneManifest_Generation = YES;
				INFOPLIST_KEY_UIApplicationSupportsIndirectInputEvents = YES;
				INFOPLIST_KEY_UILaunchScreen_Generation = YES;
				INFOPLIST_KEY_UILaunchStoryboardName = SplashScreen.storyboard;
				INFOPLIST_KEY_UISupportedInterfaceOrientations = UIInterfaceOrientationPortrait;
				LD_RUNPATH_SEARCH_PATHS = (
					"$(inherited)",
					"@executable_path/Frameworks",
				);
				MARKETING_VERSION = 1.0;
				PRODUCT_BUNDLE_IDENTIFIER = org.devstrike.app.CITRARB;
				PRODUCT_NAME = "$(TARGET_NAME)";
				SWIFT_EMIT_LOC_STRINGS = YES;
				SWIFT_VERSION = 5.0;
				TARGETED_DEVICE_FAMILY = "1,2";
			};
			name = Release;
		};
/* End XCBuildConfiguration section */

/* Begin XCConfigurationList section */
		45CCA0062A651F440071C5C6 /* Build configuration list for PBXProject "CITRARB" */ = {
			isa = XCConfigurationList;
			buildConfigurations = (
				45CCA0172A651F4B0071C5C6 /* Debug */,
				45CCA0182A651F4B0071C5C6 /* Release */,
			);
			defaultConfigurationIsVisible = 0;
			defaultConfigurationName = Release;
		};
		45CCA0192A651F4B0071C5C6 /* Build configuration list for PBXNativeTarget "CITRARB" */ = {
			isa = XCConfigurationList;
			buildConfigurations = (
				45CCA01A2A651F4B0071C5C6 /* Debug */,
				45CCA01B2A651F4B0071C5C6 /* Release */,
			);
			defaultConfigurationIsVisible = 0;
			defaultConfigurationName = Release;
		};
/* End XCConfigurationList section */

/* Begin XCRemoteSwiftPackageReference section */
		45819D432A7AC9B200D91A75 /* XCRemoteSwiftPackageReference "YouTubePlayerKit" */ = {
			isa = XCRemoteSwiftPackageReference;
			repositoryURL = "https://github.com/SvenTiigi/YouTubePlayerKit.git";
			requirement = {
				kind = upToNextMajorVersion;
				minimumVersion = 1.0.0;
			};
		};
		45819D462A7AF4E500D91A75 /* XCRemoteSwiftPackageReference "swiftui-youtube-player" */ = {
			isa = XCRemoteSwiftPackageReference;
			repositoryURL = "https://github.com/globulus/swiftui-youtube-player";
			requirement = {
				kind = upToNextMajorVersion;
				minimumVersion = 1.0.0;
			};
		};
		458222B12A67D651006B9058 /* XCRemoteSwiftPackageReference "swiftui-cached-async-image" */ = {
			isa = XCRemoteSwiftPackageReference;
			repositoryURL = "https://github.com/lorenzofiamingo/swiftui-cached-async-image";
			requirement = {
				branch = main;
				kind = branch;
			};
		};
		45E5DA242A9650060024A96D /* XCRemoteSwiftPackageReference "SlidingTabView" */ = {
			isa = XCRemoteSwiftPackageReference;
			repositoryURL = "https://github.com/QuynhNguyen/SlidingTabView.git";
			requirement = {
				kind = upToNextMajorVersion;
				minimumVersion = 1.0.0;
			};
		};
		45FC3BC12A666C99007A7CC0 /* XCRemoteSwiftPackageReference "lottie-ios" */ = {
			isa = XCRemoteSwiftPackageReference;
			repositoryURL = "https://github.com/airbnb/lottie-ios";
			requirement = {
				branch = master;
				kind = branch;
			};
		};
/* End XCRemoteSwiftPackageReference section */

/* Begin XCSwiftPackageProductDependency section */
		45819D442A7AC9B200D91A75 /* YouTubePlayerKit */ = {
			isa = XCSwiftPackageProductDependency;
			package = 45819D432A7AC9B200D91A75 /* XCRemoteSwiftPackageReference "YouTubePlayerKit" */;
			productName = YouTubePlayerKit;
		};
		45819D472A7AF4E600D91A75 /* SwiftUIYouTubePlayer */ = {
			isa = XCSwiftPackageProductDependency;
			package = 45819D462A7AF4E500D91A75 /* XCRemoteSwiftPackageReference "swiftui-youtube-player" */;
			productName = SwiftUIYouTubePlayer;
		};
		458222B22A67D651006B9058 /* CachedAsyncImage */ = {
			isa = XCSwiftPackageProductDependency;
			package = 458222B12A67D651006B9058 /* XCRemoteSwiftPackageReference "swiftui-cached-async-image" */;
			productName = CachedAsyncImage;
		};
		45E5DA252A9650060024A96D /* SlidingTabView */ = {
			isa = XCSwiftPackageProductDependency;
			package = 45E5DA242A9650060024A96D /* XCRemoteSwiftPackageReference "SlidingTabView" */;
			productName = SlidingTabView;
		};
		45FC3BC22A666C99007A7CC0 /* Lottie */ = {
			isa = XCSwiftPackageProductDependency;
			package = 45FC3BC12A666C99007A7CC0 /* XCRemoteSwiftPackageReference "lottie-ios" */;
			productName = Lottie;
		};
/* End XCSwiftPackageProductDependency section */
	};
	rootObject = 45CCA0032A651F440071C5C6 /* Project object */;
}
